
Microsoft Visual Studio Solution File, Format Version 12.00
# Visual Studio 15
VisualStudioVersion = 15.0.26124.0
MinimumVisualStudioVersion = 15.0.26124.0
Project("{2150E333-8FDC-42A3-9474-1A3956D46DE8}") = "Invio.QueryProvider.Core", "Invio.QueryProvider.Core", "{05AEF49E-A12B-4738-826C-483AEC3E1DEF}"
EndProject
Project("{2150E333-8FDC-42A3-9474-1A3956D46DE8}") = "src", "src", "{7B4358F3-A24D-4163-83A1-C5F028C28093}"
EndProject
Project("{F2A71F9B-5D33-465A-A702-920D77279786}") = "Invio.QueryProvider.Core", "Invio.QueryProvider.Core\src\Invio.QueryProvider.Core\Invio.QueryProvider.Core.fsproj", "{F47CD43B-8A77-4696-8BBD-6E71391919D5}"
EndProject
Project("{2150E333-8FDC-42A3-9474-1A3956D46DE8}") = "Invio.QueryProvider.MySql", "Invio.QueryProvider.MySql", "{7B3B3269-723F-4D4A-AED3-B697DA063334}"
EndProject
Project("{2150E333-8FDC-42A3-9474-1A3956D46DE8}") = "src", "src", "{3A8B733A-B58F-4228-9244-0C40A50C5AAD}"
EndProject
Project("{F2A71F9B-5D33-465A-A702-920D77279786}") = "Invio.QueryProvider.MySql", "Invio.QueryProvider.MySql\src\Invio.QueryProvider.MySql\Invio.QueryProvider.MySql.fsproj", "{120FCF26-2CFB-4617-A148-9ED500D3D81C}"
EndProject
Project("{2150E333-8FDC-42A3-9474-1A3956D46DE8}") = "test", "test", "{ED33FF0E-4F9A-4AEB-8B8A-F051C3696A8F}"
EndProject
Project("{FAE04EC0-301F-11D3-BF4B-00C04F79EFBC}") = "Invio.QueryProvider.Test.CSharp", "Invio.QueryProvider.Core\test\Invio.QueryProvider.Test.CSharp\Invio.QueryProvider.Test.CSharp.csproj", "{5E6509F1-30DD-467D-BFBB-9605983359FA}"
EndProject
Project("{F2A71F9B-5D33-465A-A702-920D77279786}") = "Invio.QueryProvider.Test", "Invio.QueryProvider.Core\test\Invio.QueryProvider.Test\Invio.QueryProvider.Test.fsproj", "{A9016504-2F3E-4D84-8FE9-2A9E65946AB4}"
EndProject
Project("{2150E333-8FDC-42A3-9474-1A3956D46DE8}") = "test", "test", "{8D791019-9199-4067-8BF5-69C53105D498}"
EndProject
Project("{FAE04EC0-301F-11D3-BF4B-00C04F79EFBC}") = "Invio.QueryProvider.MySql.Test", "Invio.QueryProvider.MySql\test\Invio.QueryProvider.MySql.Test\Invio.QueryProvider.MySql.Test.csproj", "{ACF86803-16ED-46D5-A061-98CF97E240ED}"
EndProject
Global
	GlobalSection(SolutionConfigurationPlatforms) = preSolution
		Debug|Any CPU = Debug|Any CPU
		Debug|x64 = Debug|x64
		Debug|x86 = Debug|x86
		Release|Any CPU = Release|Any CPU
		Release|x64 = Release|x64
		Release|x86 = Release|x86
	EndGlobalSection
	GlobalSection(SolutionProperties) = preSolution
		HideSolutionNode = FALSE
	EndGlobalSection
	GlobalSection(ProjectConfigurationPlatforms) = postSolution
		{F47CD43B-8A77-4696-8BBD-6E71391919D5}.Debug|Any CPU.ActiveCfg = Debug|Any CPU
		{F47CD43B-8A77-4696-8BBD-6E71391919D5}.Debug|Any CPU.Build.0 = Debug|Any CPU
		{F47CD43B-8A77-4696-8BBD-6E71391919D5}.Debug|x64.ActiveCfg = Debug|x64
		{F47CD43B-8A77-4696-8BBD-6E71391919D5}.Debug|x64.Build.0 = Debug|x64
		{F47CD43B-8A77-4696-8BBD-6E71391919D5}.Debug|x86.ActiveCfg = Debug|x86
		{F47CD43B-8A77-4696-8BBD-6E71391919D5}.Debug|x86.Build.0 = Debug|x86
		{F47CD43B-8A77-4696-8BBD-6E71391919D5}.Release|Any CPU.ActiveCfg = Release|Any CPU
		{F47CD43B-8A77-4696-8BBD-6E71391919D5}.Release|Any CPU.Build.0 = Release|Any CPU
		{F47CD43B-8A77-4696-8BBD-6E71391919D5}.Release|x64.ActiveCfg = Release|x64
		{F47CD43B-8A77-4696-8BBD-6E71391919D5}.Release|x64.Build.0 = Release|x64
		{F47CD43B-8A77-4696-8BBD-6E71391919D5}.Release|x86.ActiveCfg = Release|x86
		{F47CD43B-8A77-4696-8BBD-6E71391919D5}.Release|x86.Build.0 = Release|x86
		{120FCF26-2CFB-4617-A148-9ED500D3D81C}.Debug|Any CPU.ActiveCfg = Debug|Any CPU
		{120FCF26-2CFB-4617-A148-9ED500D3D81C}.Debug|Any CPU.Build.0 = Debug|Any CPU
		{120FCF26-2CFB-4617-A148-9ED500D3D81C}.Debug|x64.ActiveCfg = Debug|x64
		{120FCF26-2CFB-4617-A148-9ED500D3D81C}.Debug|x64.Build.0 = Debug|x64
		{120FCF26-2CFB-4617-A148-9ED500D3D81C}.Debug|x86.ActiveCfg = Debug|x86
		{120FCF26-2CFB-4617-A148-9ED500D3D81C}.Debug|x86.Build.0 = Debug|x86
		{120FCF26-2CFB-4617-A148-9ED500D3D81C}.Release|Any CPU.ActiveCfg = Release|Any CPU
		{120FCF26-2CFB-4617-A148-9ED500D3D81C}.Release|Any CPU.Build.0 = Release|Any CPU
		{120FCF26-2CFB-4617-A148-9ED500D3D81C}.Release|x64.ActiveCfg = Release|x64
		{120FCF26-2CFB-4617-A148-9ED500D3D81C}.Release|x64.Build.0 = Release|x64
		{120FCF26-2CFB-4617-A148-9ED500D3D81C}.Release|x86.ActiveCfg = Release|x86
		{120FCF26-2CFB-4617-A148-9ED500D3D81C}.Release|x86.Build.0 = Release|x86
		{5E6509F1-30DD-467D-BFBB-9605983359FA}.Debug|Any CPU.ActiveCfg = Debug|Any CPU
		{5E6509F1-30DD-467D-BFBB-9605983359FA}.Debug|Any CPU.Build.0 = Debug|Any CPU
		{5E6509F1-30DD-467D-BFBB-9605983359FA}.Debug|x64.ActiveCfg = Debug|x64
		{5E6509F1-30DD-467D-BFBB-9605983359FA}.Debug|x64.Build.0 = Debug|x64
		{5E6509F1-30DD-467D-BFBB-9605983359FA}.Debug|x86.ActiveCfg = Debug|x86
		{5E6509F1-30DD-467D-BFBB-9605983359FA}.Debug|x86.Build.0 = Debug|x86
		{5E6509F1-30DD-467D-BFBB-9605983359FA}.Release|Any CPU.ActiveCfg = Release|Any CPU
		{5E6509F1-30DD-467D-BFBB-9605983359FA}.Release|Any CPU.Build.0 = Release|Any CPU
		{5E6509F1-30DD-467D-BFBB-9605983359FA}.Release|x64.ActiveCfg = Release|x64
		{5E6509F1-30DD-467D-BFBB-9605983359FA}.Release|x64.Build.0 = Release|x64
		{5E6509F1-30DD-467D-BFBB-9605983359FA}.Release|x86.ActiveCfg = Release|x86
		{5E6509F1-30DD-467D-BFBB-9605983359FA}.Release|x86.Build.0 = Release|x86
		{A9016504-2F3E-4D84-8FE9-2A9E65946AB4}.Debug|Any CPU.ActiveCfg = Debug|Any CPU
		{A9016504-2F3E-4D84-8FE9-2A9E65946AB4}.Debug|Any CPU.Build.0 = Debug|Any CPU
		{A9016504-2F3E-4D84-8FE9-2A9E65946AB4}.Debug|x64.ActiveCfg = Debug|x64
		{A9016504-2F3E-4D84-8FE9-2A9E65946AB4}.Debug|x64.Build.0 = Debug|x64
		{A9016504-2F3E-4D84-8FE9-2A9E65946AB4}.Debug|x86.ActiveCfg = Debug|x86
		{A9016504-2F3E-4D84-8FE9-2A9E65946AB4}.Debug|x86.Build.0 = Debug|x86
		{A9016504-2F3E-4D84-8FE9-2A9E65946AB4}.Release|Any CPU.ActiveCfg = Release|Any CPU
		{A9016504-2F3E-4D84-8FE9-2A9E65946AB4}.Release|Any CPU.Build.0 = Release|Any CPU
		{A9016504-2F3E-4D84-8FE9-2A9E65946AB4}.Release|x64.ActiveCfg = Release|x64
		{A9016504-2F3E-4D84-8FE9-2A9E65946AB4}.Release|x64.Build.0 = Release|x64
		{A9016504-2F3E-4D84-8FE9-2A9E65946AB4}.Release|x86.ActiveCfg = Release|x86
		{A9016504-2F3E-4D84-8FE9-2A9E65946AB4}.Release|x86.Build.0 = Release|x86
		{ACF86803-16ED-46D5-A061-98CF97E240ED}.Debug|Any CPU.ActiveCfg = Debug|Any CPU
		{ACF86803-16ED-46D5-A061-98CF97E240ED}.Debug|Any CPU.Build.0 = Debug|Any CPU
		{ACF86803-16ED-46D5-A061-98CF97E240ED}.Debug|x64.ActiveCfg = Debug|x64
		{ACF86803-16ED-46D5-A061-98CF97E240ED}.Debug|x64.Build.0 = Debug|x64
		{ACF86803-16ED-46D5-A061-98CF97E240ED}.Debug|x86.ActiveCfg = Debug|x86
		{ACF86803-16ED-46D5-A061-98CF97E240ED}.Debug|x86.Build.0 = Debug|x86
		{ACF86803-16ED-46D5-A061-98CF97E240ED}.Release|Any CPU.ActiveCfg = Release|Any CPU
		{ACF86803-16ED-46D5-A061-98CF97E240ED}.Release|Any CPU.Build.0 = Release|Any CPU
		{ACF86803-16ED-46D5-A061-98CF97E240ED}.Release|x64.ActiveCfg = Release|x64
		{ACF86803-16ED-46D5-A061-98CF97E240ED}.Release|x64.Build.0 = Release|x64
		{ACF86803-16ED-46D5-A061-98CF97E240ED}.Release|x86.ActiveCfg = Release|x86
		{ACF86803-16ED-46D5-A061-98CF97E240ED}.Release|x86.Build.0 = Release|x86
	EndGlobalSection
	GlobalSection(NestedProjects) = preSolution
		{7B4358F3-A24D-4163-83A1-C5F028C28093} = {05AEF49E-A12B-4738-826C-483AEC3E1DEF}
		{F47CD43B-8A77-4696-8BBD-6E71391919D5} = {7B4358F3-A24D-4163-83A1-C5F028C28093}
		{3A8B733A-B58F-4228-9244-0C40A50C5AAD} = {7B3B3269-723F-4D4A-AED3-B697DA063334}
		{120FCF26-2CFB-4617-A148-9ED500D3D81C} = {3A8B733A-B58F-4228-9244-0C40A50C5AAD}
		{ED33FF0E-4F9A-4AEB-8B8A-F051C3696A8F} = {05AEF49E-A12B-4738-826C-483AEC3E1DEF}
		{5E6509F1-30DD-467D-BFBB-9605983359FA} = {ED33FF0E-4F9A-4AEB-8B8A-F051C3696A8F}
		{A9016504-2F3E-4D84-8FE9-2A9E65946AB4} = {ED33FF0E-4F9A-4AEB-8B8A-F051C3696A8F}
		{8D791019-9199-4067-8BF5-69C53105D498} = {7B3B3269-723F-4D4A-AED3-B697DA063334}
		{ACF86803-16ED-46D5-A061-98CF97E240ED} = {8D791019-9199-4067-8BF5-69C53105D498}
	EndGlobalSection
EndGlobal
